
Microsoft Visual Studio Solution File, Format Version 12.00
# Visual Studio Version 17
VisualStudioVersion = 17.14.36518.9
MinimumVisualStudioVersion = 10.0.40219.1
Project("{FAE04EC0-301F-11D3-BF4B-00C04F79EFBC}") = "AquariumData", "AquariumData\AquariumData.csproj", "{F6F3B6BD-FEDF-48AD-B56F-BF8895F62B18}"
EndProject
Project("{FAE04EC0-301F-11D3-BF4B-00C04F79EFBC}") = "AquariumController", "AquariumController\AquariumController.csproj", "{3E52CA3A-CBF0-4298-B872-409807DF42E6}"
EndProject
Project("{FAE04EC0-301F-11D3-BF4B-00C04F79EFBC}") = "AquariumForms", "AquariumForms\AquariumForms.csproj", "{3072CC98-88F5-48EB-B4E2-31C8ACEE91F1}"
EndProject
Project("{FAE04EC0-301F-11D3-BF4B-00C04F79EFBC}") = "TestControllers", "TestControllers\TestControllers.csproj", "{B326C3A8-2507-4BA8-B172-CCA8FFF30DCA}"
EndProject
Global
	GlobalSection(SolutionConfigurationPlatforms) = preSolution
		Debug|Any CPU = Debug|Any CPU
		Release|Any CPU = Release|Any CPU
	EndGlobalSection
	GlobalSection(ProjectConfigurationPlatforms) = postSolution
		{F6F3B6BD-FEDF-48AD-B56F-BF8895F62B18}.Debug|Any CPU.ActiveCfg = Debug|Any CPU
		{F6F3B6BD-FEDF-48AD-B56F-BF8895F62B18}.Debug|Any CPU.Build.0 = Debug|Any CPU
		{F6F3B6BD-FEDF-48AD-B56F-BF8895F62B18}.Release|Any CPU.ActiveCfg = Release|Any CPU
		{F6F3B6BD-FEDF-48AD-B56F-BF8895F62B18}.Release|Any CPU.Build.0 = Release|Any CPU
		{3E52CA3A-CBF0-4298-B872-409807DF42E6}.Debug|Any CPU.ActiveCfg = Debug|Any CPU
		{3E52CA3A-CBF0-4298-B872-409807DF42E6}.Debug|Any CPU.Build.0 = Debug|Any CPU
		{3E52CA3A-CBF0-4298-B872-409807DF42E6}.Release|Any CPU.ActiveCfg = Release|Any CPU
		{3E52CA3A-CBF0-4298-B872-409807DF42E6}.Release|Any CPU.Build.0 = Release|Any CPU
		{3072CC98-88F5-48EB-B4E2-31C8ACEE91F1}.Debug|Any CPU.ActiveCfg = Debug|Any CPU
		{3072CC98-88F5-48EB-B4E2-31C8ACEE91F1}.Debug|Any CPU.Build.0 = Debug|Any CPU
		{3072CC98-88F5-48EB-B4E2-31C8ACEE91F1}.Release|Any CPU.ActiveCfg = Release|Any CPU
		{3072CC98-88F5-48EB-B4E2-31C8ACEE91F1}.Release|Any CPU.Build.0 = Release|Any CPU
		{B326C3A8-2507-4BA8-B172-CCA8FFF30DCA}.Debug|Any CPU.ActiveCfg = Debug|Any CPU
		{B326C3A8-2507-4BA8-B172-CCA8FFF30DCA}.Debug|Any CPU.Build.0 = Debug|Any CPU
		{B326C3A8-2507-4BA8-B172-CCA8FFF30DCA}.Release|Any CPU.ActiveCfg = Release|Any CPU
		{B326C3A8-2507-4BA8-B172-CCA8FFF30DCA}.Release|Any CPU.Build.0 = Release|Any CPU
	EndGlobalSection
	GlobalSection(SolutionProperties) = preSolution
		HideSolutionNode = FALSE
	EndGlobalSection
	GlobalSection(ExtensibilityGlobals) = postSolution
		SolutionGuid = {50826328-3717-47A0-AEA4-8D9FD1B7AF76}
	EndGlobalSection
EndGlobal
